
Microsoft Visual Studio Solution File, Format Version 12.00
# Visual Studio Version 17
VisualStudioVersion = 17.14.36414.22 d17.14
MinimumVisualStudioVersion = 10.0.40219.1
Project("{888888A0-9F3D-457C-B088-3A5042F75D52}") = "chatbot", "chatbot\chatbot.pyproj", "{9F9421EA-B40C-42FC-A6A4-009C8626DB9A}"
EndProject
Global
	GlobalSection(SolutionConfigurationPlatforms) = preSolution
		Debug|Any CPU = Debug|Any CPU
		Release|Any CPU = Release|Any CPU
	EndGlobalSection
	GlobalSection(ProjectConfigurationPlatforms) = postSolution
		{9F9421EA-B40C-42FC-A6A4-009C8626DB9A}.Debug|Any CPU.ActiveCfg = Debug|Any CPU
		{9F9421EA-B40C-42FC-A6A4-009C8626DB9A}.Release|Any CPU.ActiveCfg = Release|Any CPU
	EndGlobalSection
	GlobalSection(SolutionProperties) = preSolution
		HideSolutionNode = FALSE
	EndGlobalSection
	GlobalSection(ExtensibilityGlobals) = postSolution
		SolutionGuid = {EC32E2F1-AA2C-4680-98AC-20D439680317}
	EndGlobalSection
EndGlobal
